
Microsoft Visual Studio Solution File, Format Version 12.00
# Visual Studio Version 17
VisualStudioVersion = 17.2.32519.379
MinimumVisualStudioVersion = 10.0.40219.1
Project("{FAE04EC0-301F-11D3-BF4B-00C04F79EFBC}") = "MekashronUmbracoNetProject", "MekashronUmbracoNetProject\MekashronUmbracoNetProject.csproj", "{14628A44-66FA-4B1A-9551-CE1F3C3E68D3}"
EndProject
Global
	GlobalSection(SolutionConfigurationPlatforms) = preSolution
		Debug|Any CPU = Debug|Any CPU
		Release|Any CPU = Release|Any CPU
	EndGlobalSection
	GlobalSection(ProjectConfigurationPlatforms) = postSolution
		{14628A44-66FA-4B1A-9551-CE1F3C3E68D3}.Debug|Any CPU.ActiveCfg = Debug|Any CPU
		{14628A44-66FA-4B1A-9551-CE1F3C3E68D3}.Debug|Any CPU.Build.0 = Debug|Any CPU
		{14628A44-66FA-4B1A-9551-CE1F3C3E68D3}.Release|Any CPU.ActiveCfg = Release|Any CPU
		{14628A44-66FA-4B1A-9551-CE1F3C3E68D3}.Release|Any CPU.Build.0 = Release|Any CPU
	EndGlobalSection
	GlobalSection(SolutionProperties) = preSolution
		HideSolutionNode = FALSE
	EndGlobalSection
	GlobalSection(ExtensibilityGlobals) = postSolution
		SolutionGuid = {09FA039D-CFB1-4538-AF3E-C9C33D7821F6}
	EndGlobalSection
EndGlobal
